
Microsoft Visual Studio Solution File, Format Version 12.00
# Visual Studio Version 17
VisualStudioVersion = 17.7.34302.85
MinimumVisualStudioVersion = 10.0.40219.1
Project("{FAE04EC0-301F-11D3-BF4B-00C04F79EFBC}") = "ALP", "ALP\ALP.csproj", "{A2D47289-FAD6-441B-9AD1-DCE6B925C4FE}"
EndProject
Global
	GlobalSection(SolutionConfigurationPlatforms) = preSolution
		Debug|Any CPU = Debug|Any CPU
		Release|Any CPU = Release|Any CPU
	EndGlobalSection
	GlobalSection(ProjectConfigurationPlatforms) = postSolution
		{A2D47289-FAD6-441B-9AD1-DCE6B925C4FE}.Debug|Any CPU.ActiveCfg = Debug|Any CPU
		{A2D47289-FAD6-441B-9AD1-DCE6B925C4FE}.Debug|Any CPU.Build.0 = Debug|Any CPU
		{A2D47289-FAD6-441B-9AD1-DCE6B925C4FE}.Release|Any CPU.ActiveCfg = Release|Any CPU
		{A2D47289-FAD6-441B-9AD1-DCE6B925C4FE}.Release|Any CPU.Build.0 = Release|Any CPU
	EndGlobalSection
	GlobalSection(SolutionProperties) = preSolution
		HideSolutionNode = FALSE
	EndGlobalSection
	GlobalSection(ExtensibilityGlobals) = postSolution
		SolutionGuid = {8AD36D7C-6DEC-4526-9B30-5429E0A192B8}
	EndGlobalSection
EndGlobal
